
Microsoft Visual Studio Solution File, Format Version 12.00
Project("{FAE04EC0-301F-11D3-BF4B-00C04F79EFBC}") = "ErrorProperty", "ErrorProperty\ErrorProperty.csproj", "{8A331012-AD98-4664-B256-B4774EC8A32B}"
EndProject
Global
	GlobalSection(SolutionConfigurationPlatforms) = preSolution
		Debug|Any CPU = Debug|Any CPU
		Release|Any CPU = Release|Any CPU
	EndGlobalSection
	GlobalSection(ProjectConfigurationPlatforms) = postSolution
		{8A331012-AD98-4664-B256-B4774EC8A32B}.Debug|Any CPU.ActiveCfg = Debug|Any CPU
		{8A331012-AD98-4664-B256-B4774EC8A32B}.Debug|Any CPU.Build.0 = Debug|Any CPU
		{8A331012-AD98-4664-B256-B4774EC8A32B}.Release|Any CPU.ActiveCfg = Release|Any CPU
		{8A331012-AD98-4664-B256-B4774EC8A32B}.Release|Any CPU.Build.0 = Release|Any CPU
	EndGlobalSection
EndGlobal
